
Microsoft Visual Studio Solution File, Format Version 12.00
# Visual Studio Version 17
VisualStudioVersion = 17.7.34221.43
MinimumVisualStudioVersion = 10.0.40219.1
Project("{9A19103F-16F7-4668-BE54-9A1E7A4F7556}") = "ToDoCalendarWeb", "ToDoCalendarWeb.csproj", "{87216319-7512-44DA-9DF4-E5E2E74D2D47}"
EndProject
Project("{FAE04EC0-301F-11D3-BF4B-00C04F79EFBC}") = "ToDoCalendar.Attributes", "..\ToDoCalendar.Attributes\ToDoCalendar.Attributes.csproj", "{EA745DB6-7F06-48D9-96F6-C626F900A188}"
EndProject
Global
	GlobalSection(SolutionConfigurationPlatforms) = preSolution
		Debug|Any CPU = Debug|Any CPU
		Release|Any CPU = Release|Any CPU
	EndGlobalSection
	GlobalSection(ProjectConfigurationPlatforms) = postSolution
		{87216319-7512-44DA-9DF4-E5E2E74D2D47}.Debug|Any CPU.ActiveCfg = Debug|Any CPU
		{87216319-7512-44DA-9DF4-E5E2E74D2D47}.Debug|Any CPU.Build.0 = Debug|Any CPU
		{87216319-7512-44DA-9DF4-E5E2E74D2D47}.Release|Any CPU.ActiveCfg = Release|Any CPU
		{87216319-7512-44DA-9DF4-E5E2E74D2D47}.Release|Any CPU.Build.0 = Release|Any CPU
		{EA745DB6-7F06-48D9-96F6-C626F900A188}.Debug|Any CPU.ActiveCfg = Debug|Any CPU
		{EA745DB6-7F06-48D9-96F6-C626F900A188}.Debug|Any CPU.Build.0 = Debug|Any CPU
		{EA745DB6-7F06-48D9-96F6-C626F900A188}.Release|Any CPU.ActiveCfg = Release|Any CPU
		{EA745DB6-7F06-48D9-96F6-C626F900A188}.Release|Any CPU.Build.0 = Release|Any CPU
	EndGlobalSection
	GlobalSection(SolutionProperties) = preSolution
		HideSolutionNode = FALSE
	EndGlobalSection
	GlobalSection(ExtensibilityGlobals) = postSolution
		SolutionGuid = {BFB24F89-2D2F-4834-BF0F-A6A4A504FD32}
	EndGlobalSection
EndGlobal
